{
  "version": 4,
  "terraform_version": "1.14.6",
  "serial": 190,
  "lineage": "34017b3f-ab4a-4fd5-f336-c343b0b7c65b",
  "outputs": {},
  "resources": [
    {
      "module": "module.private_link_service.module.loadbalancer",
      "mode": "managed",
      "type": "azurerm_lb",
      "name": "lb",
      "provider": "provider[\"registry.terraform.io/hashicorp/azurerm\"]",
      "instances": [
        {
          "schema_version": 0,
          "attributes": {
            "edge_zone": "",
            "frontend_ip_configuration": [
              {
                "gateway_load_balancer_frontend_ip_configuration_id": "",
                "id": "/subscriptions/7b7860cc-5cfd-4700-b515-0ccca8e270d4/resourceGroups/rg-private-link-service-westus2/providers/Microsoft.Network/loadBalancers/lb-private-link-service-westus2/frontendIPConfigurations/lb-private-link-service-westus2-lb-frontend-ip",
                "inbound_nat_rules": [],
                "load_balancer_rules": [],
                "name": "lb-private-link-service-westus2-lb-frontend-ip",
                "outbound_rules": [],
                "private_ip_address": "",
                "private_ip_address_allocation": "Dynamic",
                "private_ip_address_version": "",
                "public_ip_address_id": "/subscriptions/7b7860cc-5cfd-4700-b515-0ccca8e270d4/resourceGroups/rg-private-link-service-westus2/providers/Microsoft.Network/publicIPAddresses/lb-private-link-service-westus2-public-ip",
                "public_ip_prefix_id": "",
                "subnet_id": "",
                "zones": null
              }
            ],
            "id": "/subscriptions/7b7860cc-5cfd-4700-b515-0ccca8e270d4/resourceGroups/rg-private-link-service-westus2/providers/Microsoft.Network/loadBalancers/lb-private-link-service-westus2",
            "location": "westus2",
            "name": "lb-private-link-service-westus2",
            "private_ip_address": "",
            "private_ip_addresses": [],
            "public_ip_address_id": null,
            "resource_group_name": "rg-private-link-service-westus2",
            "sku": "Standard",
            "sku_tier": "Regional",
            "subnet_id": null,
            "tags": null,
            "timeouts": null
          },
          "sensitive_attributes": [],
          "identity_schema_version": 0,
          "private": "eyJlMmJmYjczMC1lY2FhLTExZTYtOGY4OC0zNDM2M2JjN2M0YzAiOnsiY3JlYXRlIjoxODAwMDAwMDAwMDAwLCJkZWxldGUiOjE4MDAwMDAwMDAwMDAsInJlYWQiOjMwMDAwMDAwMDAwMCwidXBkYXRlIjoxODAwMDAwMDAwMDAwfX0=",
          "dependencies": [
            "module.private_link_service.module.loadbalancer.azurerm_public_ip.lb_public_ip",
            "module.private_link_service.module.resource_group.azurerm_resource_group.resource_group",
            "module.private_link_service.module.subnet.azurerm_subnet.subnet",
            "module.private_link_service.module.vnet.azurerm_virtual_network.vnet"
          ]
        }
      ]
    },
    {
      "module": "module.private_link_service.module.loadbalancer",
      "mode": "managed",
      "type": "azurerm_lb_backend_address_pool",
      "name": "backend_pool",
      "provider": "provider[\"registry.terraform.io/hashicorp/azurerm\"]",
      "instances": [
        {
          "schema_version": 0,
          "attributes": {
            "backend_ip_configurations": [],
            "id": "/subscriptions/7b7860cc-5cfd-4700-b515-0ccca8e270d4/resourceGroups/rg-private-link-service-westus2/providers/Microsoft.Network/loadBalancers/lb-private-link-service-westus2/backendAddressPools/lb-private-link-service-westus2-backend-pool",
            "inbound_nat_rules": [],
            "load_balancing_rules": [],
            "loadbalancer_id": "/subscriptions/7b7860cc-5cfd-4700-b515-0ccca8e270d4/resourceGroups/rg-private-link-service-westus2/providers/Microsoft.Network/loadBalancers/lb-private-link-service-westus2",
            "name": "lb-private-link-service-westus2-backend-pool",
            "outbound_rules": [],
            "synchronous_mode": "",
            "timeouts": null,
            "tunnel_interface": [],
            "virtual_network_id": ""
          },
          "sensitive_attributes": [],
          "identity_schema_version": 0,
          "private": "eyJlMmJmYjczMC1lY2FhLTExZTYtOGY4OC0zNDM2M2JjN2M0YzAiOnsiY3JlYXRlIjoxODAwMDAwMDAwMDAwLCJkZWxldGUiOjE4MDAwMDAwMDAwMDAsInJlYWQiOjMwMDAwMDAwMDAwMCwidXBkYXRlIjoxODAwMDAwMDAwMDAwfX0=",
          "dependencies": [
            "module.private_link_service.module.loadbalancer.azurerm_lb.lb",
            "module.private_link_service.module.loadbalancer.azurerm_public_ip.lb_public_ip",
            "module.private_link_service.module.resource_group.azurerm_resource_group.resource_group",
            "module.private_link_service.module.subnet.azurerm_subnet.subnet",
            "module.private_link_service.module.vnet.azurerm_virtual_network.vnet"
          ]
        }
      ]
    },
    {
      "module": "module.private_link_service.module.loadbalancer",
      "mode": "managed",
      "type": "azurerm_lb_probe",
      "name": "http_probe",
      "provider": "provider[\"registry.terraform.io/hashicorp/azurerm\"]",
      "instances": [
        {
          "schema_version": 0,
          "attributes": {
            "id": "/subscriptions/7b7860cc-5cfd-4700-b515-0ccca8e270d4/resourceGroups/rg-private-link-service-westus2/providers/Microsoft.Network/loadBalancers/lb-private-link-service-westus2/probes/HttpProbe",
            "interval_in_seconds": 15,
            "load_balancer_rules": [],
            "loadbalancer_id": "/subscriptions/7b7860cc-5cfd-4700-b515-0ccca8e270d4/resourceGroups/rg-private-link-service-westus2/providers/Microsoft.Network/loadBalancers/lb-private-link-service-westus2",
            "name": "HttpProbe",
            "number_of_probes": 2,
            "port": 8080,
            "probe_threshold": 1,
            "protocol": "Http",
            "request_path": "/actuator/health",
            "timeouts": null
          },
          "sensitive_attributes": [],
          "identity_schema_version": 0,
          "private": "eyJlMmJmYjczMC1lY2FhLTExZTYtOGY4OC0zNDM2M2JjN2M0YzAiOnsiY3JlYXRlIjoxODAwMDAwMDAwMDAwLCJkZWxldGUiOjE4MDAwMDAwMDAwMDAsInJlYWQiOjMwMDAwMDAwMDAwMCwidXBkYXRlIjoxODAwMDAwMDAwMDAwfX0=",
          "dependencies": [
            "module.private_link_service.module.loadbalancer.azurerm_lb.lb",
            "module.private_link_service.module.loadbalancer.azurerm_public_ip.lb_public_ip",
            "module.private_link_service.module.resource_group.azurerm_resource_group.resource_group",
            "module.private_link_service.module.subnet.azurerm_subnet.subnet",
            "module.private_link_service.module.vnet.azurerm_virtual_network.vnet"
          ]
        }
      ]
    },
    {
      "module": "module.private_link_service.module.loadbalancer",
      "mode": "managed",
      "type": "azurerm_lb_rule",
      "name": "http_rule",
      "provider": "provider[\"registry.terraform.io/hashicorp/azurerm\"]",
      "instances": [
        {
          "schema_version": 0,
          "attributes": {
            "backend_address_pool_ids": [
              "/subscriptions/7b7860cc-5cfd-4700-b515-0ccca8e270d4/resourceGroups/rg-private-link-service-westus2/providers/Microsoft.Network/loadBalancers/lb-private-link-service-westus2/backendAddressPools/lb-private-link-service-westus2-backend-pool"
            ],
            "backend_port": 8080,
            "disable_outbound_snat": false,
            "enable_floating_ip": false,
            "enable_tcp_reset": false,
            "floating_ip_enabled": false,
            "frontend_ip_configuration_id": "/subscriptions/7b7860cc-5cfd-4700-b515-0ccca8e270d4/resourceGroups/rg-private-link-service-westus2/providers/Microsoft.Network/loadBalancers/lb-private-link-service-westus2/frontendIPConfigurations/lb-private-link-service-westus2-lb-frontend-ip",
            "frontend_ip_configuration_name": "lb-private-link-service-westus2-lb-frontend-ip",
            "frontend_port": 80,
            "id": "/subscriptions/7b7860cc-5cfd-4700-b515-0ccca8e270d4/resourceGroups/rg-private-link-service-westus2/providers/Microsoft.Network/loadBalancers/lb-private-link-service-westus2/loadBalancingRules/HttpRule",
            "idle_timeout_in_minutes": 4,
            "load_distribution": "Default",
            "loadbalancer_id": "/subscriptions/7b7860cc-5cfd-4700-b515-0ccca8e270d4/resourceGroups/rg-private-link-service-westus2/providers/Microsoft.Network/loadBalancers/lb-private-link-service-westus2",
            "name": "HttpRule",
            "probe_id": "/subscriptions/7b7860cc-5cfd-4700-b515-0ccca8e270d4/resourceGroups/rg-private-link-service-westus2/providers/Microsoft.Network/loadBalancers/lb-private-link-service-westus2/probes/HttpProbe",
            "protocol": "Tcp",
            "tcp_reset_enabled": false,
            "timeouts": null
          },
          "sensitive_attributes": [],
          "identity_schema_version": 0,
          "private": "eyJlMmJmYjczMC1lY2FhLTExZTYtOGY4OC0zNDM2M2JjN2M0YzAiOnsiY3JlYXRlIjoxODAwMDAwMDAwMDAwLCJkZWxldGUiOjE4MDAwMDAwMDAwMDAsInJlYWQiOjMwMDAwMDAwMDAwMCwidXBkYXRlIjoxODAwMDAwMDAwMDAwfX0=",
          "dependencies": [
            "module.private_link_service.module.loadbalancer.azurerm_lb.lb",
            "module.private_link_service.module.loadbalancer.azurerm_lb_backend_address_pool.backend_pool",
            "module.private_link_service.module.loadbalancer.azurerm_lb_probe.http_probe",
            "module.private_link_service.module.loadbalancer.azurerm_public_ip.lb_public_ip",
            "module.private_link_service.module.resource_group.azurerm_resource_group.resource_group",
            "module.private_link_service.module.subnet.azurerm_subnet.subnet",
            "module.private_link_service.module.vnet.azurerm_virtual_network.vnet"
          ]
        }
      ]
    },
    {
      "module": "module.private_link_service.module.loadbalancer",
      "mode": "managed",
      "type": "azurerm_public_ip",
      "name": "lb_public_ip",
      "provider": "provider[\"registry.terraform.io/hashicorp/azurerm\"]",
      "instances": [
        {
          "schema_version": 0,
          "attributes": {
            "allocation_method": "Static",
            "ddos_protection_mode": "VirtualNetworkInherited",
            "ddos_protection_plan_id": null,
            "domain_name_label": "",
            "domain_name_label_scope": "",
            "edge_zone": "",
            "fqdn": "",
            "id": "/subscriptions/7b7860cc-5cfd-4700-b515-0ccca8e270d4/resourceGroups/rg-private-link-service-westus2/providers/Microsoft.Network/publicIPAddresses/lb-private-link-service-westus2-public-ip",
            "idle_timeout_in_minutes": 4,
            "ip_address": "20.115.159.87",
            "ip_tags": null,
            "ip_version": "IPv4",
            "location": "westus2",
            "name": "lb-private-link-service-westus2-public-ip",
            "public_ip_prefix_id": null,
            "resource_group_name": "rg-private-link-service-westus2",
            "reverse_fqdn": "",
            "sku": "Standard",
            "sku_tier": "Regional",
            "tags": null,
            "timeouts": null,
            "zones": null
          },
          "sensitive_attributes": [],
          "identity_schema_version": 0,
          "identity": {
            "name": "lb-private-link-service-westus2-public-ip",
            "resource_group_name": "rg-private-link-service-westus2",
            "subscription_id": "7b7860cc-5cfd-4700-b515-0ccca8e270d4"
          },
          "private": "eyJlMmJmYjczMC1lY2FhLTExZTYtOGY4OC0zNDM2M2JjN2M0YzAiOnsiY3JlYXRlIjoxODAwMDAwMDAwMDAwLCJkZWxldGUiOjE4MDAwMDAwMDAwMDAsInJlYWQiOjMwMDAwMDAwMDAwMCwidXBkYXRlIjoxODAwMDAwMDAwMDAwfX0=",
          "dependencies": [
            "module.private_link_service.module.resource_group.azurerm_resource_group.resource_group",
            "module.private_link_service.module.subnet.azurerm_subnet.subnet",
            "module.private_link_service.module.vnet.azurerm_virtual_network.vnet"
          ]
        }
      ]
    },
    {
      "module": "module.private_link_service.module.network_security_group",
      "mode": "managed",
      "type": "azurerm_network_security_group",
      "name": "nsg",
      "provider": "provider[\"registry.terraform.io/hashicorp/azurerm\"]",
      "instances": [
        {
          "schema_version": 0,
          "attributes": {
            "id": "/subscriptions/7b7860cc-5cfd-4700-b515-0ccca8e270d4/resourceGroups/rg-private-link-service-westus2/providers/Microsoft.Network/networkSecurityGroups/nsg-private-link-service-westus2",
            "location": "westus2",
            "name": "nsg-private-link-service-westus2",
            "resource_group_name": "rg-private-link-service-westus2",
            "security_rule": [],
            "tags": null,
            "timeouts": null
          },
          "sensitive_attributes": [],
          "identity_schema_version": 0,
          "identity": {
            "name": "nsg-private-link-service-westus2",
            "resource_group_name": "rg-private-link-service-westus2",
            "subscription_id": "7b7860cc-5cfd-4700-b515-0ccca8e270d4"
          },
          "private": "eyJlMmJmYjczMC1lY2FhLTExZTYtOGY4OC0zNDM2M2JjN2M0YzAiOnsiY3JlYXRlIjoxODAwMDAwMDAwMDAwLCJkZWxldGUiOjE4MDAwMDAwMDAwMDAsInJlYWQiOjMwMDAwMDAwMDAwMCwidXBkYXRlIjoxODAwMDAwMDAwMDAwfX0=",
          "dependencies": [
            "module.private_link_service.module.resource_group.azurerm_resource_group.resource_group",
            "module.private_link_service.module.subnet.azurerm_subnet.subnet",
            "module.private_link_service.module.vnet.azurerm_virtual_network.vnet"
          ]
        }
      ]
    },
    {
      "module": "module.private_link_service.module.network_security_group",
      "mode": "managed",
      "type": "azurerm_subnet_network_security_group_association",
      "name": "nsg_association",
      "provider": "provider[\"registry.terraform.io/hashicorp/azurerm\"]",
      "instances": [
        {
          "schema_version": 0,
          "attributes": {
            "id": "/subscriptions/7b7860cc-5cfd-4700-b515-0ccca8e270d4/resourceGroups/rg-private-link-service-westus2/providers/Microsoft.Network/virtualNetworks/vnet-private-link-service-westus2/subnets/subnet-private-link-service-westus2",
            "network_security_group_id": "/subscriptions/7b7860cc-5cfd-4700-b515-0ccca8e270d4/resourceGroups/rg-private-link-service-westus2/providers/Microsoft.Network/networkSecurityGroups/nsg-private-link-service-westus2",
            "subnet_id": "/subscriptions/7b7860cc-5cfd-4700-b515-0ccca8e270d4/resourceGroups/rg-private-link-service-westus2/providers/Microsoft.Network/virtualNetworks/vnet-private-link-service-westus2/subnets/subnet-private-link-service-westus2",
            "timeouts": null
          },
          "sensitive_attributes": [],
          "identity_schema_version": 0,
          "private": "eyJlMmJmYjczMC1lY2FhLTExZTYtOGY4OC0zNDM2M2JjN2M0YzAiOnsiY3JlYXRlIjoxODAwMDAwMDAwMDAwLCJkZWxldGUiOjE4MDAwMDAwMDAwMDAsInJlYWQiOjMwMDAwMDAwMDAwMH19",
          "dependencies": [
            "module.private_link_service.module.network_security_group.azurerm_network_security_group.nsg",
            "module.private_link_service.module.resource_group.azurerm_resource_group.resource_group",
            "module.private_link_service.module.subnet.azurerm_subnet.subnet",
            "module.private_link_service.module.vnet.azurerm_virtual_network.vnet"
          ]
        }
      ]
    },
    {
      "module": "module.private_link_service.module.network_security_rules",
      "mode": "managed",
      "type": "azurerm_network_security_rule",
      "name": "allow_app_traffic",
      "provider": "provider[\"registry.terraform.io/hashicorp/azurerm\"]",
      "instances": [
        {
          "schema_version": 0,
          "attributes": {
            "access": "Allow",
            "description": "",
            "destination_address_prefix": "*",
            "destination_address_prefixes": null,
            "destination_application_security_group_ids": null,
            "destination_port_range": "8080",
            "destination_port_ranges": null,
            "direction": "Inbound",
            "id": "/subscriptions/7b7860cc-5cfd-4700-b515-0ccca8e270d4/resourceGroups/rg-private-link-service-westus2/providers/Microsoft.Network/networkSecurityGroups/nsg-private-link-service-westus2/securityRules/Allow-App-Traffic",
            "name": "Allow-App-Traffic",
            "network_security_group_name": "nsg-private-link-service-westus2",
            "priority": 105,
            "protocol": "Tcp",
            "resource_group_name": "rg-private-link-service-westus2",
            "source_address_prefix": "Internet",
            "source_address_prefixes": null,
            "source_application_security_group_ids": null,
            "source_port_range": "*",
            "source_port_ranges": null,
            "timeouts": null
          },
          "sensitive_attributes": [],
          "identity_schema_version": 0,
          "identity": {
            "name": "Allow-App-Traffic",
            "network_security_group_name": "nsg-private-link-service-westus2",
            "resource_group_name": "rg-private-link-service-westus2",
            "subscription_id": "7b7860cc-5cfd-4700-b515-0ccca8e270d4"
          },
          "private": "eyJlMmJmYjczMC1lY2FhLTExZTYtOGY4OC0zNDM2M2JjN2M0YzAiOnsiY3JlYXRlIjoxODAwMDAwMDAwMDAwLCJkZWxldGUiOjE4MDAwMDAwMDAwMDAsInJlYWQiOjMwMDAwMDAwMDAwMCwidXBkYXRlIjoxODAwMDAwMDAwMDAwfX0=",
          "dependencies": [
            "module.private_link_service.module.network_security_group.azurerm_network_security_group.nsg",
            "module.private_link_service.module.network_security_group.azurerm_subnet_network_security_group_association.nsg_association",
            "module.private_link_service.module.resource_group.azurerm_resource_group.resource_group",
            "module.private_link_service.module.subnet.azurerm_subnet.subnet",
            "module.private_link_service.module.vnet.azurerm_virtual_network.vnet"
          ]
        }
      ]
    },
    {
      "module": "module.private_link_service.module.network_security_rules",
      "mode": "managed",
      "type": "azurerm_network_security_rule",
      "name": "allow_http",
      "provider": "provider[\"registry.terraform.io/hashicorp/azurerm\"]",
      "instances": [
        {
          "schema_version": 0,
          "attributes": {
            "access": "Allow",
            "description": "",
            "destination_address_prefix": "*",
            "destination_address_prefixes": null,
            "destination_application_security_group_ids": null,
            "destination_port_range": "80",
            "destination_port_ranges": null,
            "direction": "Inbound",
            "id": "/subscriptions/7b7860cc-5cfd-4700-b515-0ccca8e270d4/resourceGroups/rg-private-link-service-westus2/providers/Microsoft.Network/networkSecurityGroups/nsg-private-link-service-westus2/securityRules/Allow-Internet-LB-80",
            "name": "Allow-Internet-LB-80",
            "network_security_group_name": "nsg-private-link-service-westus2",
            "priority": 110,
            "protocol": "Tcp",
            "resource_group_name": "rg-private-link-service-westus2",
            "source_address_prefix": "Internet",
            "source_address_prefixes": null,
            "source_application_security_group_ids": null,
            "source_port_range": "*",
            "source_port_ranges": null,
            "timeouts": null
          },
          "sensitive_attributes": [],
          "identity_schema_version": 0,
          "identity": {
            "name": "Allow-Internet-LB-80",
            "network_security_group_name": "nsg-private-link-service-westus2",
            "resource_group_name": "rg-private-link-service-westus2",
            "subscription_id": "7b7860cc-5cfd-4700-b515-0ccca8e270d4"
          },
          "private": "eyJlMmJmYjczMC1lY2FhLTExZTYtOGY4OC0zNDM2M2JjN2M0YzAiOnsiY3JlYXRlIjoxODAwMDAwMDAwMDAwLCJkZWxldGUiOjE4MDAwMDAwMDAwMDAsInJlYWQiOjMwMDAwMDAwMDAwMCwidXBkYXRlIjoxODAwMDAwMDAwMDAwfX0=",
          "dependencies": [
            "module.private_link_service.module.network_security_group.azurerm_network_security_group.nsg",
            "module.private_link_service.module.network_security_group.azurerm_subnet_network_security_group_association.nsg_association",
            "module.private_link_service.module.resource_group.azurerm_resource_group.resource_group",
            "module.private_link_service.module.subnet.azurerm_subnet.subnet",
            "module.private_link_service.module.vnet.azurerm_virtual_network.vnet"
          ]
        }
      ]
    },
    {
      "module": "module.private_link_service.module.network_security_rules",
      "mode": "managed",
      "type": "azurerm_network_security_rule",
      "name": "allow_lb_backend",
      "provider": "provider[\"registry.terraform.io/hashicorp/azurerm\"]",
      "instances": [
        {
          "schema_version": 0,
          "attributes": {
            "access": "Allow",
            "description": "",
            "destination_address_prefix": "*",
            "destination_address_prefixes": null,
            "destination_application_security_group_ids": null,
            "destination_port_range": "8080",
            "destination_port_ranges": null,
            "direction": "Inbound",
            "id": "/subscriptions/7b7860cc-5cfd-4700-b515-0ccca8e270d4/resourceGroups/rg-private-link-service-westus2/providers/Microsoft.Network/networkSecurityGroups/nsg-private-link-service-westus2/securityRules/Allow-LB-Backend",
            "name": "Allow-LB-Backend",
            "network_security_group_name": "nsg-private-link-service-westus2",
            "priority": 120,
            "protocol": "Tcp",
            "resource_group_name": "rg-private-link-service-westus2",
            "source_address_prefix": "AzureLoadBalancer",
            "source_address_prefixes": null,
            "source_application_security_group_ids": null,
            "source_port_range": "*",
            "source_port_ranges": null,
            "timeouts": null
          },
          "sensitive_attributes": [],
          "identity_schema_version": 0,
          "identity": {
            "name": "Allow-LB-Backend",
            "network_security_group_name": "nsg-private-link-service-westus2",
            "resource_group_name": "rg-private-link-service-westus2",
            "subscription_id": "7b7860cc-5cfd-4700-b515-0ccca8e270d4"
          },
          "private": "eyJlMmJmYjczMC1lY2FhLTExZTYtOGY4OC0zNDM2M2JjN2M0YzAiOnsiY3JlYXRlIjoxODAwMDAwMDAwMDAwLCJkZWxldGUiOjE4MDAwMDAwMDAwMDAsInJlYWQiOjMwMDAwMDAwMDAwMCwidXBkYXRlIjoxODAwMDAwMDAwMDAwfX0=",
          "dependencies": [
            "module.private_link_service.module.network_security_group.azurerm_network_security_group.nsg",
            "module.private_link_service.module.network_security_group.azurerm_subnet_network_security_group_association.nsg_association",
            "module.private_link_service.module.resource_group.azurerm_resource_group.resource_group",
            "module.private_link_service.module.subnet.azurerm_subnet.subnet",
            "module.private_link_service.module.vnet.azurerm_virtual_network.vnet"
          ]
        }
      ]
    },
    {
      "module": "module.private_link_service.module.resource_group",
      "mode": "managed",
      "type": "azurerm_resource_group",
      "name": "resource_group",
      "provider": "provider[\"registry.terraform.io/hashicorp/azurerm\"]",
      "instances": [
        {
          "schema_version": 0,
          "attributes": {
            "id": "/subscriptions/7b7860cc-5cfd-4700-b515-0ccca8e270d4/resourceGroups/rg-private-link-service-westus2",
            "location": "westus2",
            "managed_by": "",
            "name": "rg-private-link-service-westus2",
            "tags": null,
            "timeouts": null
          },
          "sensitive_attributes": [],
          "identity_schema_version": 0,
          "identity": {
            "name": "rg-private-link-service-westus2",
            "subscription_id": "7b7860cc-5cfd-4700-b515-0ccca8e270d4"
          },
          "private": "eyJlMmJmYjczMC1lY2FhLTExZTYtOGY4OC0zNDM2M2JjN2M0YzAiOnsiY3JlYXRlIjo1NDAwMDAwMDAwMDAwLCJkZWxldGUiOjU0MDAwMDAwMDAwMDAsInJlYWQiOjMwMDAwMDAwMDAwMCwidXBkYXRlIjo1NDAwMDAwMDAwMDAwfX0="
        }
      ]
    },
    {
      "module": "module.private_link_service.module.subnet",
      "mode": "managed",
      "type": "azurerm_subnet",
      "name": "subnet",
      "provider": "provider[\"registry.terraform.io/hashicorp/azurerm\"]",
      "instances": [
        {
          "schema_version": 0,
          "attributes": {
            "address_prefixes": [
              "10.0.1.0/24"
            ],
            "default_outbound_access_enabled": true,
            "delegation": [],
            "id": "/subscriptions/7b7860cc-5cfd-4700-b515-0ccca8e270d4/resourceGroups/rg-private-link-service-westus2/providers/Microsoft.Network/virtualNetworks/vnet-private-link-service-westus2/subnets/subnet-private-link-service-westus2",
            "ip_address_pool": [],
            "name": "subnet-private-link-service-westus2",
            "private_endpoint_network_policies": "Disabled",
            "private_link_service_network_policies_enabled": true,
            "resource_group_name": "rg-private-link-service-westus2",
            "service_endpoint_policy_ids": null,
            "service_endpoints": null,
            "sharing_scope": "",
            "timeouts": null,
            "virtual_network_name": "vnet-private-link-service-westus2"
          },
          "sensitive_attributes": [],
          "identity_schema_version": 0,
          "identity": {
            "name": "subnet-private-link-service-westus2",
            "resource_group_name": "rg-private-link-service-westus2",
            "subscription_id": "7b7860cc-5cfd-4700-b515-0ccca8e270d4",
            "virtual_network_name": "vnet-private-link-service-westus2"
          },
          "private": "eyJlMmJmYjczMC1lY2FhLTExZTYtOGY4OC0zNDM2M2JjN2M0YzAiOnsiY3JlYXRlIjoxODAwMDAwMDAwMDAwLCJkZWxldGUiOjE4MDAwMDAwMDAwMDAsInJlYWQiOjMwMDAwMDAwMDAwMCwidXBkYXRlIjoxODAwMDAwMDAwMDAwfX0=",
          "dependencies": [
            "module.private_link_service.module.resource_group.azurerm_resource_group.resource_group",
            "module.private_link_service.module.vnet.azurerm_virtual_network.vnet"
          ]
        }
      ]
    },
    {
      "module": "module.private_link_service.module.vmss",
      "mode": "managed",
      "type": "azurerm_linux_virtual_machine_scale_set",
      "name": "vmss",
      "provider": "provider[\"registry.terraform.io/hashicorp/azurerm\"]",
      "instances": [
        {
          "schema_version": 0,
          "attributes": {
            "additional_capabilities": [],
            "admin_password": "Jadapeta@909",
            "admin_ssh_key": [],
            "admin_username": "az700admin",
            "automatic_instance_repair": [],
            "automatic_os_upgrade_policy": [],
            "boot_diagnostics": [],
            "capacity_reservation_group_id": "",
            "computer_name_prefix": "vmss-private-link-service-westus2",
            "custom_data": "IyEvYmluL2Jhc2gKCnNldCAtZXgKCmVjaG8gIlVwZGF0aW5nIHBhY2thZ2VzLi4uIgphcHQtZ2V0IHVwZGF0ZSAteQoKYXB0LWdldCBpbnN0YWxsIG5ldC10b29scyAteSAKCmVjaG8gIkluc3RhbGxpbmcgRG9ja2VyLi4uIgphcHQtZ2V0IGluc3RhbGwgLXkgZG9ja2VyLmlvCgp1c2VybW9kIC1hRyBkb2NrZXIgYXo3MDBhZG1pbgoKZWNobyAiU3RhcnRpbmcgRG9ja2VyLi4uIgpzeXN0ZW1jdGwgZW5hYmxlIGRvY2tlcgpzeXN0ZW1jdGwgc3RhcnQgZG9ja2VyCgplY2hvICJXYWl0aW5nIGZvciBEb2NrZXIgdG8gYmUgcmVhZHkuLi4iCnNsZWVwIDEwCgpkb2NrZXIgLS12ZXJzaW9uCnN1ZG8gZG9ja2VyIGxvZ2luIC11IGRldm9wc2RldmVsb3BlcjkwOSAtcCBKYWRhcGV0YUA5MDkgfHwgZWNobyAiRG9ja2VyIGxvZ2luIGZhaWxlZCwgY29udGludWluZy4uLiIKCmVjaG8gIlB1bGxpbmcgRG9ja2VyIGltYWdlLi4uIgoKZm9yIGkgaW4gezEuLjV9OyBkbwogIHN1ZG8gZG9ja2VyIHB1bGwgZGV2b3BzZGV2ZWxvcGVyOTA5L2F6dXJlLXByaXZhdGUtbGluay1zZXJ2aWNlOmxhdGVzdCAmJiBicmVhawogIGVjaG8gIlJldHJ5aW5nIGluIDEwIHNlY29uZHMuLi4iCiAgc2xlZXAgMTAKZG9uZQogIAplY2hvICJSdW5uaW5nIGNvbnRhaW5lci4uLiIKc3VkbyBkb2NrZXIgcnVuIC1kIC1wIDgwODA6ODA4MCAtLXJlc3RhcnQ9YWx3YXlzIFwKICAtLW5hbWUgYXp1cmUtcHJpdmF0ZS1saW5rLXNlcnZpY2Utd2VzdHVzMiBcCiAgZGV2b3BzZGV2ZWxvcGVyOTA5L2F6dXJlLXByaXZhdGUtbGluay1zZXJ2aWNlOmxhdGVzdAoKZWNobyAiU2V0dXAgY29tcGxldGVkISIKCg==",
            "data_disk": [],
            "disable_password_authentication": false,
            "do_not_run_extensions_on_overprovisioned_machines": false,
            "edge_zone": "",
            "encryption_at_host_enabled": false,
            "eviction_policy": "",
            "extension": [],
            "extension_operations_enabled": true,
            "extensions_time_budget": "PT1H30M",
            "gallery_application": [],
            "health_probe_id": "",
            "host_group_id": null,
            "id": "/subscriptions/7b7860cc-5cfd-4700-b515-0ccca8e270d4/resourceGroups/rg-private-link-service-westus2/providers/Microsoft.Compute/virtualMachineScaleSets/vmss-private-link-service-westus2",
            "identity": [],
            "instances": 2,
            "location": "westus2",
            "max_bid_price": -1,
            "name": "vmss-private-link-service-westus2",
            "network_interface": [
              {
                "auxiliary_mode": "",
                "auxiliary_sku": "",
                "dns_servers": null,
                "enable_accelerated_networking": false,
                "enable_ip_forwarding": false,
                "ip_configuration": [
                  {
                    "application_gateway_backend_address_pool_ids": null,
                    "application_security_group_ids": null,
                    "load_balancer_backend_address_pool_ids": [
                      "/subscriptions/7b7860cc-5cfd-4700-b515-0ccca8e270d4/resourceGroups/rg-private-link-service-westus2/providers/Microsoft.Network/loadBalancers/lb-private-link-service-westus2/backendAddressPools/lb-private-link-service-westus2-backend-pool"
                    ],
                    "load_balancer_inbound_nat_rules_ids": null,
                    "name": "vmss-private-link-service-westus2-ipconfig",
                    "primary": true,
                    "public_ip_address": [],
                    "subnet_id": "/subscriptions/7b7860cc-5cfd-4700-b515-0ccca8e270d4/resourceGroups/rg-private-link-service-westus2/providers/Microsoft.Network/virtualNetworks/vnet-private-link-service-westus2/subnets/subnet-private-link-service-westus2",
                    "version": "IPv4"
                  }
                ],
                "name": "vmss-private-link-service-westus2-nic",
                "network_security_group_id": "",
                "primary": true
              }
            ],
            "os_disk": [
              {
                "caching": "ReadWrite",
                "diff_disk_settings": [],
                "disk_encryption_set_id": "",
                "disk_size_gb": 30,
                "secure_vm_disk_encryption_set_id": "",
                "security_encryption_type": "",
                "storage_account_type": "Standard_LRS",
                "write_accelerator_enabled": false
              }
            ],
            "overprovision": true,
            "plan": [],
            "platform_fault_domain_count": 5,
            "priority": "Regular",
            "provision_vm_agent": true,
            "proximity_placement_group_id": "",
            "resilient_vm_creation_enabled": false,
            "resilient_vm_deletion_enabled": false,
            "resource_group_name": "rg-private-link-service-westus2",
            "rolling_upgrade_policy": [],
            "scale_in": [],
            "secret": [],
            "secure_boot_enabled": false,
            "single_placement_group": true,
            "sku": "Standard_DC1ds_v3",
            "source_image_id": "",
            "source_image_reference": [
              {
                "offer": "0001-com-ubuntu-server-jammy",
                "publisher": "Canonical",
                "sku": "22_04-lts-gen2",
                "version": "latest"
              }
            ],
            "spot_restore": null,
            "tags": null,
            "termination_notification": null,
            "timeouts": null,
            "unique_id": "4ade3892-042b-4106-a1bb-edc539cf77b8",
            "upgrade_mode": "Manual",
            "user_data": "",
            "vtpm_enabled": false,
            "zone_balance": false,
            "zones": null
          },
          "sensitive_attributes": [
            [
              {
                "type": "get_attr",
                "value": "admin_password"
              }
            ],
            [
              {
                "type": "get_attr",
                "value": "custom_data"
              }
            ]
          ],
          "identity_schema_version": 0,
          "private": "eyJlMmJmYjczMC1lY2FhLTExZTYtOGY4OC0zNDM2M2JjN2M0YzAiOnsiY3JlYXRlIjozNjAwMDAwMDAwMDAwLCJkZWxldGUiOjM2MDAwMDAwMDAwMDAsInJlYWQiOjMwMDAwMDAwMDAwMCwidXBkYXRlIjozNjAwMDAwMDAwMDAwfX0=",
          "dependencies": [
            "module.private_link_service.module.loadbalancer.azurerm_lb.lb",
            "module.private_link_service.module.loadbalancer.azurerm_lb_backend_address_pool.backend_pool",
            "module.private_link_service.module.loadbalancer.azurerm_lb_probe.http_probe",
            "module.private_link_service.module.loadbalancer.azurerm_lb_rule.http_rule",
            "module.private_link_service.module.loadbalancer.azurerm_public_ip.lb_public_ip",
            "module.private_link_service.module.resource_group.azurerm_resource_group.resource_group",
            "module.private_link_service.module.subnet.azurerm_subnet.subnet",
            "module.private_link_service.module.vnet.azurerm_virtual_network.vnet"
          ]
        }
      ]
    },
    {
      "module": "module.private_link_service.module.vnet",
      "mode": "managed",
      "type": "azurerm_virtual_network",
      "name": "vnet",
      "provider": "provider[\"registry.terraform.io/hashicorp/azurerm\"]",
      "instances": [
        {
          "schema_version": 0,
          "attributes": {
            "address_space": [
              "10.0.0.0/16"
            ],
            "bgp_community": "",
            "ddos_protection_plan": [],
            "dns_servers": [],
            "edge_zone": "",
            "encryption": [],
            "flow_timeout_in_minutes": 0,
            "guid": "7c17000a-3efd-49e4-b458-7bd3e9a8899a",
            "id": "/subscriptions/7b7860cc-5cfd-4700-b515-0ccca8e270d4/resourceGroups/rg-private-link-service-westus2/providers/Microsoft.Network/virtualNetworks/vnet-private-link-service-westus2",
            "ip_address_pool": [],
            "location": "westus2",
            "name": "vnet-private-link-service-westus2",
            "private_endpoint_vnet_policies": "Disabled",
            "resource_group_name": "rg-private-link-service-westus2",
            "subnet": [],
            "tags": null,
            "timeouts": null
          },
          "sensitive_attributes": [],
          "identity_schema_version": 0,
          "identity": {
            "name": "vnet-private-link-service-westus2",
            "resource_group_name": "rg-private-link-service-westus2",
            "subscription_id": "7b7860cc-5cfd-4700-b515-0ccca8e270d4"
          },
          "private": "eyJlMmJmYjczMC1lY2FhLTExZTYtOGY4OC0zNDM2M2JjN2M0YzAiOnsiY3JlYXRlIjoxODAwMDAwMDAwMDAwLCJkZWxldGUiOjE4MDAwMDAwMDAwMDAsInJlYWQiOjMwMDAwMDAwMDAwMCwidXBkYXRlIjoxODAwMDAwMDAwMDAwfX0=",
          "dependencies": [
            "module.private_link_service.module.resource_group.azurerm_resource_group.resource_group"
          ]
        }
      ]
    }
  ],
  "check_results": null
}
